
Microsoft Visual Studio Solution File, Format Version 12.00
# Visual Studio 15
VisualStudioVersion = 15.0.27703.2035
MinimumVisualStudioVersion = 10.0.40219.1
Project("{9A19103F-16F7-4668-BE54-9A1E7A4F7556}") = "BoxingTest", "BoxingTest\BoxingTest.csproj", "{119F83A2-2614-45F4-BBFC-6D89780C9DAF}"
EndProject
Project("{FAE04EC0-301F-11D3-BF4B-00C04F79EFBC}") = "ConsumerProducer", "ConsumerProducer\ConsumerProducer.csproj", "{7D02145A-78A7-4F6B-A873-6ACE5CCA4088}"
EndProject
Project("{FAE04EC0-301F-11D3-BF4B-00C04F79EFBC}") = "Jobs", "Jobs\Jobs.csproj", "{A2252BED-19E0-44CB-BD6F-47D2FF2A5432}"
EndProject
Project("{FAE04EC0-301F-11D3-BF4B-00C04F79EFBC}") = "ThreadedPrimeCalcIDAN", "ThreadedPrimeCalcIDAN\ThreadedPrimeCalcIDAN.csproj", "{9FD7A39E-31B2-457A-882A-4053414E06E2}"
EndProject
Project("{FAE04EC0-301F-11D3-BF4B-00C04F79EFBC}") = "SomeBigLib", "SomeBigLib\SomeBigLib.csproj", "{D2A27A3C-4673-495F-8110-3B871E0EB758}"
EndProject
Project("{FAE04EC0-301F-11D3-BF4B-00C04F79EFBC}") = "ThreadPoolAndAutoResetEvent", "ThreadPoolAndAutoResetEvent\ThreadPoolAndAutoResetEvent.csproj", "{C235589B-3E5B-41ED-90B9-8624FC7A2A0F}"
EndProject
Project("{FAE04EC0-301F-11D3-BF4B-00C04F79EFBC}") = "Tasks", "Tasks\Tasks.csproj", "{EE37397B-E810-4D0F-BD0F-3BACADCDC90E}"
EndProject
Global
	GlobalSection(SolutionConfigurationPlatforms) = preSolution
		Debug|Any CPU = Debug|Any CPU
		Release|Any CPU = Release|Any CPU
	EndGlobalSection
	GlobalSection(ProjectConfigurationPlatforms) = postSolution
		{119F83A2-2614-45F4-BBFC-6D89780C9DAF}.Debug|Any CPU.ActiveCfg = Debug|Any CPU
		{119F83A2-2614-45F4-BBFC-6D89780C9DAF}.Debug|Any CPU.Build.0 = Debug|Any CPU
		{119F83A2-2614-45F4-BBFC-6D89780C9DAF}.Release|Any CPU.ActiveCfg = Release|Any CPU
		{119F83A2-2614-45F4-BBFC-6D89780C9DAF}.Release|Any CPU.Build.0 = Release|Any CPU
		{7D02145A-78A7-4F6B-A873-6ACE5CCA4088}.Debug|Any CPU.ActiveCfg = Debug|Any CPU
		{7D02145A-78A7-4F6B-A873-6ACE5CCA4088}.Debug|Any CPU.Build.0 = Debug|Any CPU
		{7D02145A-78A7-4F6B-A873-6ACE5CCA4088}.Release|Any CPU.ActiveCfg = Release|Any CPU
		{7D02145A-78A7-4F6B-A873-6ACE5CCA4088}.Release|Any CPU.Build.0 = Release|Any CPU
		{A2252BED-19E0-44CB-BD6F-47D2FF2A5432}.Debug|Any CPU.ActiveCfg = Debug|Any CPU
		{A2252BED-19E0-44CB-BD6F-47D2FF2A5432}.Debug|Any CPU.Build.0 = Debug|Any CPU
		{A2252BED-19E0-44CB-BD6F-47D2FF2A5432}.Release|Any CPU.ActiveCfg = Release|Any CPU
		{A2252BED-19E0-44CB-BD6F-47D2FF2A5432}.Release|Any CPU.Build.0 = Release|Any CPU
		{9FD7A39E-31B2-457A-882A-4053414E06E2}.Debug|Any CPU.ActiveCfg = Debug|Any CPU
		{9FD7A39E-31B2-457A-882A-4053414E06E2}.Debug|Any CPU.Build.0 = Debug|Any CPU
		{9FD7A39E-31B2-457A-882A-4053414E06E2}.Release|Any CPU.ActiveCfg = Release|Any CPU
		{9FD7A39E-31B2-457A-882A-4053414E06E2}.Release|Any CPU.Build.0 = Release|Any CPU
		{D2A27A3C-4673-495F-8110-3B871E0EB758}.Debug|Any CPU.ActiveCfg = Debug|Any CPU
		{D2A27A3C-4673-495F-8110-3B871E0EB758}.Debug|Any CPU.Build.0 = Debug|Any CPU
		{D2A27A3C-4673-495F-8110-3B871E0EB758}.Release|Any CPU.ActiveCfg = Release|Any CPU
		{D2A27A3C-4673-495F-8110-3B871E0EB758}.Release|Any CPU.Build.0 = Release|Any CPU
		{C235589B-3E5B-41ED-90B9-8624FC7A2A0F}.Debug|Any CPU.ActiveCfg = Debug|Any CPU
		{C235589B-3E5B-41ED-90B9-8624FC7A2A0F}.Debug|Any CPU.Build.0 = Debug|Any CPU
		{C235589B-3E5B-41ED-90B9-8624FC7A2A0F}.Release|Any CPU.ActiveCfg = Release|Any CPU
		{C235589B-3E5B-41ED-90B9-8624FC7A2A0F}.Release|Any CPU.Build.0 = Release|Any CPU
		{EE37397B-E810-4D0F-BD0F-3BACADCDC90E}.Debug|Any CPU.ActiveCfg = Debug|Any CPU
		{EE37397B-E810-4D0F-BD0F-3BACADCDC90E}.Debug|Any CPU.Build.0 = Debug|Any CPU
		{EE37397B-E810-4D0F-BD0F-3BACADCDC90E}.Release|Any CPU.ActiveCfg = Release|Any CPU
		{EE37397B-E810-4D0F-BD0F-3BACADCDC90E}.Release|Any CPU.Build.0 = Release|Any CPU
	EndGlobalSection
	GlobalSection(SolutionProperties) = preSolution
		HideSolutionNode = FALSE
	EndGlobalSection
	GlobalSection(ExtensibilityGlobals) = postSolution
		SolutionGuid = {B53139DD-A12D-431C-AEE8-F8328ACE42EA}
	EndGlobalSection
EndGlobal
